
Microsoft Visual Studio Solution File, Format Version 12.00
# Visual Studio Version 17
VisualStudioVersion = 17.14.36518.9 d17.14
MinimumVisualStudioVersion = 10.0.40219.1
Project("{FAE04EC0-301F-11D3-BF4B-00C04F79EFBC}") = "ClinicalMS", "ClinicalMS\ClinicalMS.csproj", "{3AFD183D-8B59-409A-B204-306AF6A90494}"
EndProject
Project("{FAE04EC0-301F-11D3-BF4B-00C04F79EFBC}") = "Domain", "Domain\Domain.csproj", "{BC8D2C39-BF76-4249-BD0F-B32E2A34A3D7}"
EndProject
Project("{FAE04EC0-301F-11D3-BF4B-00C04F79EFBC}") = "Application", "Application\Application.csproj", "{F2ACC60F-3ACE-4541-A300-78B0465D7BD3}"
EndProject
Project("{FAE04EC0-301F-11D3-BF4B-00C04F79EFBC}") = "Infrastructure", "Infrastructure\Infrastructure.csproj", "{3380467D-6186-4255-8B6A-EE6452A22E0E}"
EndProject
Global
	GlobalSection(SolutionConfigurationPlatforms) = preSolution
		Debug|Any CPU = Debug|Any CPU
		Release|Any CPU = Release|Any CPU
	EndGlobalSection
	GlobalSection(ProjectConfigurationPlatforms) = postSolution
		{3AFD183D-8B59-409A-B204-306AF6A90494}.Debug|Any CPU.ActiveCfg = Debug|Any CPU
		{3AFD183D-8B59-409A-B204-306AF6A90494}.Debug|Any CPU.Build.0 = Debug|Any CPU
		{3AFD183D-8B59-409A-B204-306AF6A90494}.Release|Any CPU.ActiveCfg = Release|Any CPU
		{3AFD183D-8B59-409A-B204-306AF6A90494}.Release|Any CPU.Build.0 = Release|Any CPU
		{BC8D2C39-BF76-4249-BD0F-B32E2A34A3D7}.Debug|Any CPU.ActiveCfg = Debug|Any CPU
		{BC8D2C39-BF76-4249-BD0F-B32E2A34A3D7}.Debug|Any CPU.Build.0 = Debug|Any CPU
		{BC8D2C39-BF76-4249-BD0F-B32E2A34A3D7}.Release|Any CPU.ActiveCfg = Release|Any CPU
		{BC8D2C39-BF76-4249-BD0F-B32E2A34A3D7}.Release|Any CPU.Build.0 = Release|Any CPU
		{F2ACC60F-3ACE-4541-A300-78B0465D7BD3}.Debug|Any CPU.ActiveCfg = Debug|Any CPU
		{F2ACC60F-3ACE-4541-A300-78B0465D7BD3}.Debug|Any CPU.Build.0 = Debug|Any CPU
		{F2ACC60F-3ACE-4541-A300-78B0465D7BD3}.Release|Any CPU.ActiveCfg = Release|Any CPU
		{F2ACC60F-3ACE-4541-A300-78B0465D7BD3}.Release|Any CPU.Build.0 = Release|Any CPU
		{3380467D-6186-4255-8B6A-EE6452A22E0E}.Debug|Any CPU.ActiveCfg = Debug|Any CPU
		{3380467D-6186-4255-8B6A-EE6452A22E0E}.Debug|Any CPU.Build.0 = Debug|Any CPU
		{3380467D-6186-4255-8B6A-EE6452A22E0E}.Release|Any CPU.ActiveCfg = Release|Any CPU
		{3380467D-6186-4255-8B6A-EE6452A22E0E}.Release|Any CPU.Build.0 = Release|Any CPU
	EndGlobalSection
	GlobalSection(SolutionProperties) = preSolution
		HideSolutionNode = FALSE
	EndGlobalSection
	GlobalSection(ExtensibilityGlobals) = postSolution
		SolutionGuid = {066A1A74-B419-4D63-A369-033DF4CE85EC}
	EndGlobalSection
EndGlobal
